
Microsoft Visual Studio Solution File, Format Version 12.00
# Visual Studio Version 16
VisualStudioVersion = 16.0.30907.101
MinimumVisualStudioVersion = 10.0.40219.1
Project("{FAE04EC0-301F-11D3-BF4B-00C04F79EFBC}") = "A2AMMSCJ1P2", "A2AMMSCJ1P2\A2AMMSCJ1P2.csproj", "{509F4CAF-6AE5-426D-9181-527AC7069823}"
EndProject
Global
	GlobalSection(SolutionConfigurationPlatforms) = preSolution
		Debug|Any CPU = Debug|Any CPU
		Release|Any CPU = Release|Any CPU
	EndGlobalSection
	GlobalSection(ProjectConfigurationPlatforms) = postSolution
		{509F4CAF-6AE5-426D-9181-527AC7069823}.Debug|Any CPU.ActiveCfg = Debug|Any CPU
		{509F4CAF-6AE5-426D-9181-527AC7069823}.Debug|Any CPU.Build.0 = Debug|Any CPU
		{509F4CAF-6AE5-426D-9181-527AC7069823}.Release|Any CPU.ActiveCfg = Release|Any CPU
		{509F4CAF-6AE5-426D-9181-527AC7069823}.Release|Any CPU.Build.0 = Release|Any CPU
	EndGlobalSection
	GlobalSection(SolutionProperties) = preSolution
		HideSolutionNode = FALSE
	EndGlobalSection
	GlobalSection(ExtensibilityGlobals) = postSolution
		SolutionGuid = {6664E1AF-AB3F-42B9-9044-1FD08E60C1B1}
	EndGlobalSection
EndGlobal
